
Microsoft Visual Studio Solution File, Format Version 12.00
# Visual Studio Version 16
VisualStudioVersion = 16.0.31321.278
MinimumVisualStudioVersion = 10.0.40219.1
Project("{2150E333-8FDC-42A3-9474-1A3956D46DE8}") = "Solution Items", "Solution Items", "{CD47E41E-703B-442B-BE94-3E5105DF52C9}"
EndProject
Project("{8BC9CEB8-8B4A-11D0-8D11-00A0C91BC942}") = "HHW", "HHW\HHW.vcxproj", "{398978D6-2ECD-4CE9-9B0E-361738548DC6}"
EndProject
Global
	GlobalSection(SolutionConfigurationPlatforms) = preSolution
		Debug|x64 = Debug|x64
		Debug|x86 = Debug|x86
		Release|x64 = Release|x64
		Release|x86 = Release|x86
	EndGlobalSection
	GlobalSection(ProjectConfigurationPlatforms) = postSolution
		{398978D6-2ECD-4CE9-9B0E-361738548DC6}.Debug|x64.ActiveCfg = Debug|x64
		{398978D6-2ECD-4CE9-9B0E-361738548DC6}.Debug|x64.Build.0 = Debug|x64
		{398978D6-2ECD-4CE9-9B0E-361738548DC6}.Debug|x86.ActiveCfg = Debug|Win32
		{398978D6-2ECD-4CE9-9B0E-361738548DC6}.Debug|x86.Build.0 = Debug|Win32
		{398978D6-2ECD-4CE9-9B0E-361738548DC6}.Release|x64.ActiveCfg = Release|x64
		{398978D6-2ECD-4CE9-9B0E-361738548DC6}.Release|x64.Build.0 = Release|x64
		{398978D6-2ECD-4CE9-9B0E-361738548DC6}.Release|x86.ActiveCfg = Release|Win32
		{398978D6-2ECD-4CE9-9B0E-361738548DC6}.Release|x86.Build.0 = Release|Win32
	EndGlobalSection
	GlobalSection(SolutionProperties) = preSolution
		HideSolutionNode = FALSE
	EndGlobalSection
	GlobalSection(ExtensibilityGlobals) = postSolution
		SolutionGuid = {7E0976F4-3589-4F82-A084-9E5ECAD5E09E}
	EndGlobalSection
EndGlobal
